{
  "nodes": {
    "home-manager": {
      "inputs": {
        "nixpkgs": "nixpkgs"
      },
      "locked": {
        "lastModified": 1638281721,
        "narHash": "sha256-d3vAVFG6zov9NwjSuYntBiD+I5KjJLwX09c7uAzbONI=",
        "owner": "nix-community",
        "repo": "home-manager",
        "rev": "7329ffc6e911106494183557fc249180d5422929",
        "type": "github"
      },
      "original": {
        "owner": "nix-community",
        "ref": "release-21.05",
        "repo": "home-manager",
        "type": "github"
      }
    },
    "nixpkgs": {
      "locked": {
        "lastModified": 1641850495,
        "narHash": "sha256-V+luTtgE/W1ldiGJBPGjjBw6B+yKG62owwOs/Kj9fI8=",
        "owner": "NixOS",
        "repo": "nixpkgs",
        "rev": "81f05d871faf75d1456df6adec1d2118d787f65c",
        "type": "github"
      },
      "original": {
        "id": "nixpkgs",
        "type": "indirect"
      }
    },
    "root": {
      "inputs": {
        "home-manager": "home-manager",
        "nixpkgs": [
          "home-manager",
          "nixpkgs"
        ]
      }
    }
  },
  "root": "root",
  "version": 7
}
