{
  "nodes": {
    "home-manager": {
      "inputs": {
        "nixpkgs": [
          "nixpkgs"
        ]
      },
      "locked": {
        "lastModified": 1638281721,
        "narHash": "sha256-d3vAVFG6zov9NwjSuYntBiD+I5KjJLwX09c7uAzbONI=",
        "owner": "nix-community",
        "repo": "home-manager",
        "rev": "7329ffc6e911106494183557fc249180d5422929",
        "type": "github"
      },
      "original": {
        "owner": "nix-community",
        "ref": "release-21.05",
        "repo": "home-manager",
        "type": "github"
      }
    },
    "nixpkgs": {
      "locked": {
        "lastModified": 1622516815,
        "narHash": "sha256-ZjBd81a6J3TwtlBr3rHsZspYUwT9OdhDk+a/SgSEf7I=",
        "owner": "NixOS",
        "repo": "nixpkgs",
        "rev": "7e9b0dff974c89e070da1ad85713ff3c20b0ca97",
        "type": "github"
      },
      "original": {
        "owner": "NixOS",
        "ref": "21.05",
        "repo": "nixpkgs",
        "type": "github"
      }
    },
    "root": {
      "inputs": {
        "home-manager": "home-manager",
        "nixpkgs": "nixpkgs"
      }
    }
  },
  "root": "root",
  "version": 7
}
